
Microsoft Visual Studio Solution File, Format Version 12.00
# Visual Studio Version 17
VisualStudioVersion = 17.1.32328.378
MinimumVisualStudioVersion = 10.0.40219.1
Project("{FAE04EC0-301F-11D3-BF4B-00C04F79EFBC}") = "Mavis-Server", "Mavis-Server\Mavis-Server.csproj", "{28E47103-B81B-4970-8F2B-652B10CEAA20}"
EndProject
Global
	GlobalSection(SolutionConfigurationPlatforms) = preSolution
		Debug|Any CPU = Debug|Any CPU
		Release|Any CPU = Release|Any CPU
	EndGlobalSection
	GlobalSection(ProjectConfigurationPlatforms) = postSolution
		{28E47103-B81B-4970-8F2B-652B10CEAA20}.Debug|Any CPU.ActiveCfg = Debug|Any CPU
		{28E47103-B81B-4970-8F2B-652B10CEAA20}.Debug|Any CPU.Build.0 = Debug|Any CPU
		{28E47103-B81B-4970-8F2B-652B10CEAA20}.Release|Any CPU.ActiveCfg = Release|Any CPU
		{28E47103-B81B-4970-8F2B-652B10CEAA20}.Release|Any CPU.Build.0 = Release|Any CPU
	EndGlobalSection
	GlobalSection(SolutionProperties) = preSolution
		HideSolutionNode = FALSE
	EndGlobalSection
	GlobalSection(ExtensibilityGlobals) = postSolution
		SolutionGuid = {67F4963E-B484-47AC-BB09-594B9E774C50}
	EndGlobalSection
EndGlobal
